
Microsoft Visual Studio Solution File, Format Version 12.00
# Visual Studio 15
VisualStudioVersion = 15.0.28307.136
MinimumVisualStudioVersion = 10.0.40219.1
Project("{FAE04EC0-301F-11D3-BF4B-00C04F79EFBC}") = "Proyecto Final", "Proyecto Final\Proyecto Final.csproj", "{C964E9D2-BE5D-401F-A28E-C9F70A6C99D6}"
EndProject
Project("{FAE04EC0-301F-11D3-BF4B-00C04F79EFBC}") = "UnitTestProject", "UnitTestProject\UnitTestProject.csproj", "{8F27A576-E33C-4E5A-BD7E-186DD1E41510}"
EndProject
Global
	GlobalSection(SolutionConfigurationPlatforms) = preSolution
		Debug|Any CPU = Debug|Any CPU
		Release|Any CPU = Release|Any CPU
	EndGlobalSection
	GlobalSection(ProjectConfigurationPlatforms) = postSolution
		{C964E9D2-BE5D-401F-A28E-C9F70A6C99D6}.Debug|Any CPU.ActiveCfg = Debug|Any CPU
		{C964E9D2-BE5D-401F-A28E-C9F70A6C99D6}.Debug|Any CPU.Build.0 = Debug|Any CPU
		{C964E9D2-BE5D-401F-A28E-C9F70A6C99D6}.Release|Any CPU.ActiveCfg = Release|Any CPU
		{C964E9D2-BE5D-401F-A28E-C9F70A6C99D6}.Release|Any CPU.Build.0 = Release|Any CPU
		{8F27A576-E33C-4E5A-BD7E-186DD1E41510}.Debug|Any CPU.ActiveCfg = Debug|Any CPU
		{8F27A576-E33C-4E5A-BD7E-186DD1E41510}.Debug|Any CPU.Build.0 = Debug|Any CPU
		{8F27A576-E33C-4E5A-BD7E-186DD1E41510}.Release|Any CPU.ActiveCfg = Release|Any CPU
		{8F27A576-E33C-4E5A-BD7E-186DD1E41510}.Release|Any CPU.Build.0 = Release|Any CPU
	EndGlobalSection
	GlobalSection(SolutionProperties) = preSolution
		HideSolutionNode = FALSE
	EndGlobalSection
	GlobalSection(ExtensibilityGlobals) = postSolution
		SolutionGuid = {742FFB0B-9D73-456D-A573-B2E1F1009FBE}
	EndGlobalSection
EndGlobal
